{
	"name": "api-showdb",
	"version": "1.0.0",
	"lockfileVersion": 3,
	"requires": true,
	"packages": {
		"": {
			"name": "api-showdb",
			"version": "1.0.0",
			"license": "ISC",
			"dependencies": {
				"@prisma/client": "^5.22.0",
				"api-showdb": "file:",
				"fastify": "^3.29.5",
				"fastify-cors": "^6.0.3",
				"mysql2": "^3.11.4",
				"prisma": "^5.22.0"
			},
			"devDependencies": {
				"@types/node": "^22.9.1",
				"@types/react": "^18.3.12",
				"@types/react-dom": "^18.3.1",
				"typescript": "^5.6.3"
			}
		},
		"node_modules/@fastify/ajv-compiler": {
			"version": "1.1.0",
			"resolved": "https://registry.npmjs.org/@fastify/ajv-compiler/-/ajv-compiler-1.1.0.tgz",
			"integrity": "sha512-gvCOUNpXsWrIQ3A4aXCLIdblL0tDq42BG/2Xw7oxbil9h11uow10ztS2GuFazNBfjbrsZ5nl+nPl5jDSjj5TSg==",
			"license": "MIT",
			"dependencies": {
				"ajv": "^6.12.6"
			}
		},
		"node_modules/@fastify/error": {
			"version": "2.0.0",
			"resolved": "https://registry.npmjs.org/@fastify/error/-/error-2.0.0.tgz",
			"integrity": "sha512-wI3fpfDT0t7p8E6dA2eTECzzOd+bZsZCJ2Hcv+Onn2b7ZwK3RwD27uW2QDaMtQhAfWQQP+WNK7nKf0twLsBf9w==",
			"license": "MIT"
		},
		"node_modules/@prisma/client": {
			"version": "5.22.0",
			"resolved": "https://registry.npmjs.org/@prisma/client/-/client-5.22.0.tgz",
			"integrity": "sha512-M0SVXfyHnQREBKxCgyo7sffrKttwE6R8PMq330MIUF0pTwjUhLbW84pFDlf06B27XyCR++VtjugEnIHdr07SVA==",
			"hasInstallScript": true,
			"license": "Apache-2.0",
			"engines": {
				"node": ">=16.13"
			},
			"peerDependencies": {
				"prisma": "*"
			},
			"peerDependenciesMeta": {
				"prisma": {
					"optional": true
				}
			}
		},
		"node_modules/@prisma/debug": {
			"version": "5.22.0",
			"resolved": "https://registry.npmjs.org/@prisma/debug/-/debug-5.22.0.tgz",
			"integrity": "sha512-AUt44v3YJeggO2ZU5BkXI7M4hu9BF2zzH2iF2V5pyXT/lRTyWiElZ7It+bRH1EshoMRxHgpYg4VB6rCM+mG5jQ==",
			"license": "Apache-2.0"
		},
		"node_modules/@prisma/engines": {
			"version": "5.22.0",
			"resolved": "https://registry.npmjs.org/@prisma/engines/-/engines-5.22.0.tgz",
			"integrity": "sha512-UNjfslWhAt06kVL3CjkuYpHAWSO6L4kDCVPegV6itt7nD1kSJavd3vhgAEhjglLJJKEdJ7oIqDJ+yHk6qO8gPA==",
			"hasInstallScript": true,
			"license": "Apache-2.0",
			"dependencies": {
				"@prisma/debug": "5.22.0",
				"@prisma/engines-version": "5.22.0-44.605197351a3c8bdd595af2d2a9bc3025bca48ea2",
				"@prisma/fetch-engine": "5.22.0",
				"@prisma/get-platform": "5.22.0"
			}
		},
		"node_modules/@prisma/engines-version": {
			"version": "5.22.0-44.605197351a3c8bdd595af2d2a9bc3025bca48ea2",
			"resolved": "https://registry.npmjs.org/@prisma/engines-version/-/engines-version-5.22.0-44.605197351a3c8bdd595af2d2a9bc3025bca48ea2.tgz",
			"integrity": "sha512-2PTmxFR2yHW/eB3uqWtcgRcgAbG1rwG9ZriSvQw+nnb7c4uCr3RAcGMb6/zfE88SKlC1Nj2ziUvc96Z379mHgQ==",
			"license": "Apache-2.0"
		},
		"node_modules/@prisma/fetch-engine": {
			"version": "5.22.0",
			"resolved": "https://registry.npmjs.org/@prisma/fetch-engine/-/fetch-engine-5.22.0.tgz",
			"integrity": "sha512-bkrD/Mc2fSvkQBV5EpoFcZ87AvOgDxbG99488a5cexp5Ccny+UM6MAe/UFkUC0wLYD9+9befNOqGiIJhhq+HbA==",
			"license": "Apache-2.0",
			"dependencies": {
				"@prisma/debug": "5.22.0",
				"@prisma/engines-version": "5.22.0-44.605197351a3c8bdd595af2d2a9bc3025bca48ea2",
				"@prisma/get-platform": "5.22.0"
			}
		},
		"node_modules/@prisma/get-platform": {
			"version": "5.22.0",
			"resolved": "https://registry.npmjs.org/@prisma/get-platform/-/get-platform-5.22.0.tgz",
			"integrity": "sha512-pHhpQdr1UPFpt+zFfnPazhulaZYCUqeIcPpJViYoq9R+D/yw4fjE+CtnsnKzPYm0ddUbeXUzjGVGIRVgPDCk4Q==",
			"license": "Apache-2.0",
			"dependencies": {
				"@prisma/debug": "5.22.0"
			}
		},
		"node_modules/@types/node": {
			"version": "22.9.1",
			"resolved": "https://registry.npmjs.org/@types/node/-/node-22.9.1.tgz",
			"integrity": "sha512-p8Yy/8sw1caA8CdRIQBG5tiLHmxtQKObCijiAa9Ez+d4+PRffM4054xbju0msf+cvhJpnFEeNjxmVT/0ipktrg==",
			"dev": true,
			"license": "MIT",
			"dependencies": {
				"undici-types": "~6.19.8"
			}
		},
		"node_modules/@types/prop-types": {
			"version": "15.7.13",
			"resolved": "https://registry.npmjs.org/@types/prop-types/-/prop-types-15.7.13.tgz",
			"integrity": "sha512-hCZTSvwbzWGvhqxp/RqVqwU999pBf2vp7hzIjiYOsl8wqOmUxkQ6ddw1cV3l8811+kdUFus/q4d1Y3E3SyEifA==",
			"dev": true,
			"license": "MIT"
		},
		"node_modules/@types/react": {
			"version": "18.3.12",
			"resolved": "https://registry.npmjs.org/@types/react/-/react-18.3.12.tgz",
			"integrity": "sha512-D2wOSq/d6Agt28q7rSI3jhU7G6aiuzljDGZ2hTZHIkrTLUI+AF3WMeKkEZ9nN2fkBAlcktT6vcZjDFiIhMYEQw==",
			"dev": true,
			"license": "MIT",
			"dependencies": {
				"@types/prop-types": "*",
				"csstype": "^3.0.2"
			}
		},
		"node_modules/@types/react-dom": {
			"version": "18.3.1",
			"resolved": "https://registry.npmjs.org/@types/react-dom/-/react-dom-18.3.1.tgz",
			"integrity": "sha512-qW1Mfv8taImTthu4KoXgDfLuk4bydU6Q/TkADnDWWHwi4NX4BR+LWfTp2sVmTqRrsHvyDDTelgelxJ+SsejKKQ==",
			"dev": true,
			"license": "MIT",
			"dependencies": {
				"@types/react": "*"
			}
		},
		"node_modules/abstract-logging": {
			"version": "2.0.1",
			"resolved": "https://registry.npmjs.org/abstract-logging/-/abstract-logging-2.0.1.tgz",
			"integrity": "sha512-2BjRTZxTPvheOvGbBslFSYOUkr+SjPtOnrLP33f+VIWLzezQpZcqVg7ja3L4dBXmzzgwT+a029jRx5PCi3JuiA==",
			"license": "MIT"
		},
		"node_modules/ajv": {
			"version": "6.12.6",
			"resolved": "https://registry.npmjs.org/ajv/-/ajv-6.12.6.tgz",
			"integrity": "sha512-j3fVLgvTo527anyYyJOGTYJbG+vnnQYvE0m5mmkc1TK+nxAppkCLMIL0aZ4dblVCNoGShhm+kzE4ZUykBoMg4g==",
			"license": "MIT",
			"dependencies": {
				"fast-deep-equal": "^3.1.1",
				"fast-json-stable-stringify": "^2.0.0",
				"json-schema-traverse": "^0.4.1",
				"uri-js": "^4.2.2"
			},
			"funding": {
				"type": "github",
				"url": "https://github.com/sponsors/epoberezkin"
			}
		},
		"node_modules/api-showdb": {
			"resolved": "",
			"link": true
		},
		"node_modules/archy": {
			"version": "1.0.0",
			"resolved": "https://registry.npmjs.org/archy/-/archy-1.0.0.tgz",
			"integrity": "sha512-Xg+9RwCg/0p32teKdGMPTPnVXKD0w3DfHnFTficozsAgsvq2XenPJq/MYpzzQ/v8zrOyJn6Ds39VA4JIDwFfqw==",
			"license": "MIT"
		},
		"node_modules/atomic-sleep": {
			"version": "1.0.0",
			"resolved": "https://registry.npmjs.org/atomic-sleep/-/atomic-sleep-1.0.0.tgz",
			"integrity": "sha512-kNOjDqAh7px0XWNI+4QbzoiR/nTkHAWNud2uvnJquD1/x5a7EQZMJT0AczqK0Qn67oY/TTQ1LbUKajZpp3I9tQ==",
			"license": "MIT",
			"engines": {
				"node": ">=8.0.0"
			}
		},
		"node_modules/avvio": {
			"version": "7.2.5",
			"resolved": "https://registry.npmjs.org/avvio/-/avvio-7.2.5.tgz",
			"integrity": "sha512-AOhBxyLVdpOad3TujtC9kL/9r3HnTkxwQ5ggOsYrvvZP1cCFvzHWJd5XxZDFuTn+IN8vkKSG5SEJrd27vCSbeA==",
			"license": "MIT",
			"dependencies": {
				"archy": "^1.0.0",
				"debug": "^4.0.0",
				"fastq": "^1.6.1",
				"queue-microtask": "^1.1.2"
			}
		},
		"node_modules/aws-ssl-profiles": {
			"version": "1.1.2",
			"resolved": "https://registry.npmjs.org/aws-ssl-profiles/-/aws-ssl-profiles-1.1.2.tgz",
			"integrity": "sha512-NZKeq9AfyQvEeNlN0zSYAaWrmBffJh3IELMZfRpJVWgrpEbtEpnjvzqBPf+mxoI287JohRDoa+/nsfqqiZmF6g==",
			"license": "MIT",
			"engines": {
				"node": ">= 6.0.0"
			}
		},
		"node_modules/cookie": {
			"version": "0.5.0",
			"resolved": "https://registry.npmjs.org/cookie/-/cookie-0.5.0.tgz",
			"integrity": "sha512-YZ3GUyn/o8gfKJlnlX7g7xq4gyO6OSuhGPKaaGssGB2qgDUS0gPgtTvoyZLTt9Ab6dC4hfc9dV5arkvc/OCmrw==",
			"license": "MIT",
			"engines": {
				"node": ">= 0.6"
			}
		},
		"node_modules/csstype": {
			"version": "3.1.3",
			"resolved": "https://registry.npmjs.org/csstype/-/csstype-3.1.3.tgz",
			"integrity": "sha512-M1uQkMl8rQK/szD0LNhtqxIPLpimGm8sOBwU7lLnCpSbTyY3yeU1Vc7l4KT5zT4s/yOxHH5O7tIuuLOCnLADRw==",
			"dev": true,
			"license": "MIT"
		},
		"node_modules/debug": {
			"version": "4.3.7",
			"resolved": "https://registry.npmjs.org/debug/-/debug-4.3.7.tgz",
			"integrity": "sha512-Er2nc/H7RrMXZBFCEim6TCmMk02Z8vLC2Rbi1KEBggpo0fS6l0S1nnapwmIi3yW/+GOJap1Krg4w0Hg80oCqgQ==",
			"license": "MIT",
			"dependencies": {
				"ms": "^2.1.3"
			},
			"engines": {
				"node": ">=6.0"
			},
			"peerDependenciesMeta": {
				"supports-color": {
					"optional": true
				}
			}
		},
		"node_modules/deepmerge": {
			"version": "4.3.1",
			"resolved": "https://registry.npmjs.org/deepmerge/-/deepmerge-4.3.1.tgz",
			"integrity": "sha512-3sUqbMEc77XqpdNO7FRyRog+eW3ph+GYCbj+rK+uYyRMuwsVy0rMiVtPn+QJlKFvWP/1PYpapqYn0Me2knFn+A==",
			"license": "MIT",
			"engines": {
				"node": ">=0.10.0"
			}
		},
		"node_modules/denque": {
			"version": "2.1.0",
			"resolved": "https://registry.npmjs.org/denque/-/denque-2.1.0.tgz",
			"integrity": "sha512-HVQE3AAb/pxF8fQAoiqpvg9i3evqug3hoiwakOyZAwJm+6vZehbkYXZ0l4JxS+I3QxM97v5aaRNhj8v5oBhekw==",
			"license": "Apache-2.0",
			"engines": {
				"node": ">=0.10"
			}
		},
		"node_modules/fast-content-type-parse": {
			"version": "1.1.0",
			"resolved": "https://registry.npmjs.org/fast-content-type-parse/-/fast-content-type-parse-1.1.0.tgz",
			"integrity": "sha512-fBHHqSTFLVnR61C+gltJuE5GkVQMV0S2nqUO8TJ+5Z3qAKG8vAx4FKai1s5jq/inV1+sREynIWSuQ6HgoSXpDQ==",
			"license": "MIT"
		},
		"node_modules/fast-decode-uri-component": {
			"version": "1.0.1",
			"resolved": "https://registry.npmjs.org/fast-decode-uri-component/-/fast-decode-uri-component-1.0.1.tgz",
			"integrity": "sha512-WKgKWg5eUxvRZGwW8FvfbaH7AXSh2cL+3j5fMGzUMCxWBJ3dV3a7Wz8y2f/uQ0e3B6WmodD3oS54jTQ9HVTIIg==",
			"license": "MIT"
		},
		"node_modules/fast-deep-equal": {
			"version": "3.1.3",
			"resolved": "https://registry.npmjs.org/fast-deep-equal/-/fast-deep-equal-3.1.3.tgz",
			"integrity": "sha512-f3qQ9oQy9j2AhBe/H9VC91wLmKBCCU/gDOnKNAYG5hswO7BLKj09Hc5HYNz9cGI++xlpDCIgDaitVs03ATR84Q==",
			"license": "MIT"
		},
		"node_modules/fast-json-stable-stringify": {
			"version": "2.1.0",
			"resolved": "https://registry.npmjs.org/fast-json-stable-stringify/-/fast-json-stable-stringify-2.1.0.tgz",
			"integrity": "sha512-lhd/wF+Lk98HZoTCtlVraHtfh5XYijIjalXck7saUtuanSDyLMxnHhSXEDJqHxD7msR8D0uCmqlkwjCV8xvwHw==",
			"license": "MIT"
		},
		"node_modules/fast-json-stringify": {
			"version": "2.7.13",
			"resolved": "https://registry.npmjs.org/fast-json-stringify/-/fast-json-stringify-2.7.13.tgz",
			"integrity": "sha512-ar+hQ4+OIurUGjSJD1anvYSDcUflywhKjfxnsW4TBTD7+u0tJufv6DKRWoQk3vI6YBOWMoz0TQtfbe7dxbQmvA==",
			"license": "MIT",
			"dependencies": {
				"ajv": "^6.11.0",
				"deepmerge": "^4.2.2",
				"rfdc": "^1.2.0",
				"string-similarity": "^4.0.1"
			},
			"engines": {
				"node": ">= 10.0.0"
			}
		},
		"node_modules/fast-redact": {
			"version": "3.5.0",
			"resolved": "https://registry.npmjs.org/fast-redact/-/fast-redact-3.5.0.tgz",
			"integrity": "sha512-dwsoQlS7h9hMeYUq1W++23NDcBLV4KqONnITDV9DjfS3q1SgDGVrBdvvTLUotWtPSD7asWDV9/CmsZPy8Hf70A==",
			"license": "MIT",
			"engines": {
				"node": ">=6"
			}
		},
		"node_modules/fast-safe-stringify": {
			"version": "2.1.1",
			"resolved": "https://registry.npmjs.org/fast-safe-stringify/-/fast-safe-stringify-2.1.1.tgz",
			"integrity": "sha512-W+KJc2dmILlPplD/H4K9l9LcAHAfPtP6BY84uVLXQ6Evcz9Lcg33Y2z1IVblT6xdY54PXYVHEv+0Wpq8Io6zkA==",
			"license": "MIT"
		},
		"node_modules/fast-uri": {
			"version": "3.0.3",
			"resolved": "https://registry.npmjs.org/fast-uri/-/fast-uri-3.0.3.tgz",
			"integrity": "sha512-aLrHthzCjH5He4Z2H9YZ+v6Ujb9ocRuW6ZzkJQOrTxleEijANq4v1TsaPaVG1PZcuurEzrLcWRyYBYXD5cEiaw==",
			"license": "BSD-3-Clause"
		},
		"node_modules/fastify": {
			"version": "3.29.5",
			"resolved": "https://registry.npmjs.org/fastify/-/fastify-3.29.5.tgz",
			"integrity": "sha512-FBDgb1gkenZxxh4sTD6AdI6mFnZnsgckpjIXzIvfLSYCa4isfQeD8QWGPib63dxq6btnY0l1j8I0xYhMvUb+sw==",
			"license": "MIT",
			"dependencies": {
				"@fastify/ajv-compiler": "^1.0.0",
				"@fastify/error": "^2.0.0",
				"abstract-logging": "^2.0.0",
				"avvio": "^7.1.2",
				"fast-content-type-parse": "^1.0.0",
				"fast-json-stringify": "^2.5.2",
				"find-my-way": "^4.5.0",
				"flatstr": "^1.0.12",
				"light-my-request": "^4.2.0",
				"pino": "^6.13.0",
				"process-warning": "^1.0.0",
				"proxy-addr": "^2.0.7",
				"rfdc": "^1.1.4",
				"secure-json-parse": "^2.0.0",
				"semver": "^7.3.2",
				"tiny-lru": "^8.0.1"
			}
		},
		"node_modules/fastify-cors": {
			"version": "6.0.3",
			"resolved": "https://registry.npmjs.org/fastify-cors/-/fastify-cors-6.0.3.tgz",
			"integrity": "sha512-fMbXubKKyBHHCfSBtsCi3+7VyVRdhJQmGes5gM+eGKkRErCdm0NaYO0ozd31BQBL1ycoTIjbqOZhJo4RTF/Vlg==",
			"license": "MIT",
			"dependencies": {
				"fastify-plugin": "^3.0.0",
				"vary": "^1.1.2"
			}
		},
		"node_modules/fastify-plugin": {
			"version": "3.0.1",
			"resolved": "https://registry.npmjs.org/fastify-plugin/-/fastify-plugin-3.0.1.tgz",
			"integrity": "sha512-qKcDXmuZadJqdTm6vlCqioEbyewF60b/0LOFCcYN1B6BIZGlYJumWWOYs70SFYLDAH4YqdE1cxH/RKMG7rFxgA==",
			"license": "MIT"
		},
		"node_modules/fastq": {
			"version": "1.17.1",
			"resolved": "https://registry.npmjs.org/fastq/-/fastq-1.17.1.tgz",
			"integrity": "sha512-sRVD3lWVIXWg6By68ZN7vho9a1pQcN/WBFaAAsDDFzlJjvoGx0P8z7V1t72grFJfJhu3YPZBuu25f7Kaw2jN1w==",
			"license": "ISC",
			"dependencies": {
				"reusify": "^1.0.4"
			}
		},
		"node_modules/find-my-way": {
			"version": "4.5.1",
			"resolved": "https://registry.npmjs.org/find-my-way/-/find-my-way-4.5.1.tgz",
			"integrity": "sha512-kE0u7sGoUFbMXcOG/xpkmz4sRLCklERnBcg7Ftuu1iAxsfEt2S46RLJ3Sq7vshsEy2wJT2hZxE58XZK27qa8kg==",
			"license": "MIT",
			"dependencies": {
				"fast-decode-uri-component": "^1.0.1",
				"fast-deep-equal": "^3.1.3",
				"safe-regex2": "^2.0.0",
				"semver-store": "^0.3.0"
			},
			"engines": {
				"node": ">=10"
			}
		},
		"node_modules/flatstr": {
			"version": "1.0.12",
			"resolved": "https://registry.npmjs.org/flatstr/-/flatstr-1.0.12.tgz",
			"integrity": "sha512-4zPxDyhCyiN2wIAtSLI6gc82/EjqZc1onI4Mz/l0pWrAlsSfYH/2ZIcU+e3oA2wDwbzIWNKwa23F8rh6+DRWkw==",
			"license": "MIT"
		},
		"node_modules/forwarded": {
			"version": "0.2.0",
			"resolved": "https://registry.npmjs.org/forwarded/-/forwarded-0.2.0.tgz",
			"integrity": "sha512-buRG0fpBtRHSTCOASe6hD258tEubFoRLb4ZNA6NxMVHNw2gOcwHo9wyablzMzOA5z9xA9L1KNjk/Nt6MT9aYow==",
			"license": "MIT",
			"engines": {
				"node": ">= 0.6"
			}
		},
		"node_modules/fsevents": {
			"version": "2.3.3",
			"resolved": "https://registry.npmjs.org/fsevents/-/fsevents-2.3.3.tgz",
			"integrity": "sha512-5xoDfX+fL7faATnagmWPpbFtwh/R77WmMMqqHGS65C3vvB0YHrgF+B1YmZ3441tMj5n63k0212XNoJwzlhffQw==",
			"hasInstallScript": true,
			"license": "MIT",
			"optional": true,
			"os": [
				"darwin"
			],
			"engines": {
				"node": "^8.16.0 || ^10.6.0 || >=11.0.0"
			}
		},
		"node_modules/generate-function": {
			"version": "2.3.1",
			"resolved": "https://registry.npmjs.org/generate-function/-/generate-function-2.3.1.tgz",
			"integrity": "sha512-eeB5GfMNeevm/GRYq20ShmsaGcmI81kIX2K9XQx5miC8KdHaC6Jm0qQ8ZNeGOi7wYB8OsdxKs+Y2oVuTFuVwKQ==",
			"license": "MIT",
			"dependencies": {
				"is-property": "^1.0.2"
			}
		},
		"node_modules/iconv-lite": {
			"version": "0.6.3",
			"resolved": "https://registry.npmjs.org/iconv-lite/-/iconv-lite-0.6.3.tgz",
			"integrity": "sha512-4fCk79wshMdzMp2rH06qWrJE4iolqLhCUH+OiuIgU++RB0+94NlDL81atO7GX55uUKueo0txHNtvEyI6D7WdMw==",
			"license": "MIT",
			"dependencies": {
				"safer-buffer": ">= 2.1.2 < 3.0.0"
			},
			"engines": {
				"node": ">=0.10.0"
			}
		},
		"node_modules/ipaddr.js": {
			"version": "1.9.1",
			"resolved": "https://registry.npmjs.org/ipaddr.js/-/ipaddr.js-1.9.1.tgz",
			"integrity": "sha512-0KI/607xoxSToH7GjN1FfSbLoU0+btTicjsQSWQlh/hZykN8KpmMf7uYwPW3R+akZ6R/w18ZlXSHBYXiYUPO3g==",
			"license": "MIT",
			"engines": {
				"node": ">= 0.10"
			}
		},
		"node_modules/is-property": {
			"version": "1.0.2",
			"resolved": "https://registry.npmjs.org/is-property/-/is-property-1.0.2.tgz",
			"integrity": "sha512-Ks/IoX00TtClbGQr4TWXemAnktAQvYB7HzcCxDGqEZU6oCmb2INHuOoKxbtR+HFkmYWBKv/dOZtGRiAjDhj92g==",
			"license": "MIT"
		},
		"node_modules/json-schema-traverse": {
			"version": "0.4.1",
			"resolved": "https://registry.npmjs.org/json-schema-traverse/-/json-schema-traverse-0.4.1.tgz",
			"integrity": "sha512-xbbCH5dCYU5T8LcEhhuh7HJ88HXuW3qsI3Y0zOZFKfZEHcpWiHU/Jxzk629Brsab/mMiHQti9wMP+845RPe3Vg==",
			"license": "MIT"
		},
		"node_modules/light-my-request": {
			"version": "4.12.0",
			"resolved": "https://registry.npmjs.org/light-my-request/-/light-my-request-4.12.0.tgz",
			"integrity": "sha512-0y+9VIfJEsPVzK5ArSIJ8Dkxp8QMP7/aCuxCUtG/tr9a2NoOf/snATE/OUc05XUplJCEnRh6gTkH7xh9POt1DQ==",
			"license": "BSD-3-Clause",
			"dependencies": {
				"ajv": "^8.1.0",
				"cookie": "^0.5.0",
				"process-warning": "^1.0.0",
				"set-cookie-parser": "^2.4.1"
			}
		},
		"node_modules/light-my-request/node_modules/ajv": {
			"version": "8.17.1",
			"resolved": "https://registry.npmjs.org/ajv/-/ajv-8.17.1.tgz",
			"integrity": "sha512-B/gBuNg5SiMTrPkC+A2+cW0RszwxYmn6VYxB/inlBStS5nx6xHIt/ehKRhIMhqusl7a8LjQoZnjCs5vhwxOQ1g==",
			"license": "MIT",
			"dependencies": {
				"fast-deep-equal": "^3.1.3",
				"fast-uri": "^3.0.1",
				"json-schema-traverse": "^1.0.0",
				"require-from-string": "^2.0.2"
			},
			"funding": {
				"type": "github",
				"url": "https://github.com/sponsors/epoberezkin"
			}
		},
		"node_modules/light-my-request/node_modules/json-schema-traverse": {
			"version": "1.0.0",
			"resolved": "https://registry.npmjs.org/json-schema-traverse/-/json-schema-traverse-1.0.0.tgz",
			"integrity": "sha512-NM8/P9n3XjXhIZn1lLhkFaACTOURQXjWhV4BA/RnOv8xvgqtqpAX9IO4mRQxSx1Rlo4tqzeqb0sOlruaOy3dug==",
			"license": "MIT"
		},
		"node_modules/long": {
			"version": "5.2.3",
			"resolved": "https://registry.npmjs.org/long/-/long-5.2.3.tgz",
			"integrity": "sha512-lcHwpNoggQTObv5apGNCTdJrO69eHOZMi4BNC+rTLER8iHAqGrUVeLh/irVIM7zTw2bOXA8T6uNPeujwOLg/2Q==",
			"license": "Apache-2.0"
		},
		"node_modules/lru-cache": {
			"version": "7.18.3",
			"resolved": "https://registry.npmjs.org/lru-cache/-/lru-cache-7.18.3.tgz",
			"integrity": "sha512-jumlc0BIUrS3qJGgIkWZsyfAM7NCWiBcCDhnd+3NNM5KbBmLTgHVfWBcg6W+rLUsIpzpERPsvwUP7CckAQSOoA==",
			"license": "ISC",
			"engines": {
				"node": ">=12"
			}
		},
		"node_modules/lru.min": {
			"version": "1.1.1",
			"resolved": "https://registry.npmjs.org/lru.min/-/lru.min-1.1.1.tgz",
			"integrity": "sha512-FbAj6lXil6t8z4z3j0E5mfRlPzxkySotzUHwRXjlpRh10vc6AI6WN62ehZj82VG7M20rqogJ0GLwar2Xa05a8Q==",
			"license": "MIT",
			"engines": {
				"bun": ">=1.0.0",
				"deno": ">=1.30.0",
				"node": ">=8.0.0"
			},
			"funding": {
				"type": "github",
				"url": "https://github.com/sponsors/wellwelwel"
			}
		},
		"node_modules/ms": {
			"version": "2.1.3",
			"resolved": "https://registry.npmjs.org/ms/-/ms-2.1.3.tgz",
			"integrity": "sha512-6FlzubTLZG3J2a/NVCAleEhjzq5oxgHyaCU9yYXvcLsvoVaHJq/s5xXI6/XXP6tz7R9xAOtHnSO/tXtF3WRTlA==",
			"license": "MIT"
		},
		"node_modules/mysql2": {
			"version": "3.11.4",
			"resolved": "https://registry.npmjs.org/mysql2/-/mysql2-3.11.4.tgz",
			"integrity": "sha512-Z2o3tY4Z8EvSRDwknaC40MdZ3+m0sKbpnXrShQLdxPrAvcNli7jLrD2Zd2IzsRMw4eK9Yle500FDmlkIqp+krg==",
			"license": "MIT",
			"dependencies": {
				"aws-ssl-profiles": "^1.1.1",
				"denque": "^2.1.0",
				"generate-function": "^2.3.1",
				"iconv-lite": "^0.6.3",
				"long": "^5.2.1",
				"lru.min": "^1.0.0",
				"named-placeholders": "^1.1.3",
				"seq-queue": "^0.0.5",
				"sqlstring": "^2.3.2"
			},
			"engines": {
				"node": ">= 8.0"
			}
		},
		"node_modules/named-placeholders": {
			"version": "1.1.3",
			"resolved": "https://registry.npmjs.org/named-placeholders/-/named-placeholders-1.1.3.tgz",
			"integrity": "sha512-eLoBxg6wE/rZkJPhU/xRX1WTpkFEwDJEN96oxFrTsqBdbT5ec295Q+CoHrL9IT0DipqKhmGcaZmwOt8OON5x1w==",
			"license": "MIT",
			"dependencies": {
				"lru-cache": "^7.14.1"
			},
			"engines": {
				"node": ">=12.0.0"
			}
		},
		"node_modules/pino": {
			"version": "6.14.0",
			"resolved": "https://registry.npmjs.org/pino/-/pino-6.14.0.tgz",
			"integrity": "sha512-iuhEDel3Z3hF9Jfe44DPXR8l07bhjuFY3GMHIXbjnY9XcafbyDDwl2sN2vw2GjMPf5Nkoe+OFao7ffn9SXaKDg==",
			"license": "MIT",
			"dependencies": {
				"fast-redact": "^3.0.0",
				"fast-safe-stringify": "^2.0.8",
				"flatstr": "^1.0.12",
				"pino-std-serializers": "^3.1.0",
				"process-warning": "^1.0.0",
				"quick-format-unescaped": "^4.0.3",
				"sonic-boom": "^1.0.2"
			},
			"bin": {
				"pino": "bin.js"
			}
		},
		"node_modules/pino-std-serializers": {
			"version": "3.2.0",
			"resolved": "https://registry.npmjs.org/pino-std-serializers/-/pino-std-serializers-3.2.0.tgz",
			"integrity": "sha512-EqX4pwDPrt3MuOAAUBMU0Tk5kR/YcCM5fNPEzgCO2zJ5HfX0vbiH9HbJglnyeQsN96Kznae6MWD47pZB5avTrg==",
			"license": "MIT"
		},
		"node_modules/prisma": {
			"version": "5.22.0",
			"resolved": "https://registry.npmjs.org/prisma/-/prisma-5.22.0.tgz",
			"integrity": "sha512-vtpjW3XuYCSnMsNVBjLMNkTj6OZbudcPPTPYHqX0CJfpcdWciI1dM8uHETwmDxxiqEwCIE6WvXucWUetJgfu/A==",
			"hasInstallScript": true,
			"license": "Apache-2.0",
			"dependencies": {
				"@prisma/engines": "5.22.0"
			},
			"bin": {
				"prisma": "build/index.js"
			},
			"engines": {
				"node": ">=16.13"
			},
			"optionalDependencies": {
				"fsevents": "2.3.3"
			}
		},
		"node_modules/process-warning": {
			"version": "1.0.0",
			"resolved": "https://registry.npmjs.org/process-warning/-/process-warning-1.0.0.tgz",
			"integrity": "sha512-du4wfLyj4yCZq1VupnVSZmRsPJsNuxoDQFdCFHLaYiEbFBD7QE0a+I4D7hOxrVnh78QE/YipFAj9lXHiXocV+Q==",
			"license": "MIT"
		},
		"node_modules/proxy-addr": {
			"version": "2.0.7",
			"resolved": "https://registry.npmjs.org/proxy-addr/-/proxy-addr-2.0.7.tgz",
			"integrity": "sha512-llQsMLSUDUPT44jdrU/O37qlnifitDP+ZwrmmZcoSKyLKvtZxpyV0n2/bD/N4tBAAZ/gJEdZU7KMraoK1+XYAg==",
			"license": "MIT",
			"dependencies": {
				"forwarded": "0.2.0",
				"ipaddr.js": "1.9.1"
			},
			"engines": {
				"node": ">= 0.10"
			}
		},
		"node_modules/punycode": {
			"version": "2.3.1",
			"resolved": "https://registry.npmjs.org/punycode/-/punycode-2.3.1.tgz",
			"integrity": "sha512-vYt7UD1U9Wg6138shLtLOvdAu+8DsC/ilFtEVHcH+wydcSpNE20AfSOduf6MkRFahL5FY7X1oU7nKVZFtfq8Fg==",
			"license": "MIT",
			"engines": {
				"node": ">=6"
			}
		},
		"node_modules/queue-microtask": {
			"version": "1.2.3",
			"resolved": "https://registry.npmjs.org/queue-microtask/-/queue-microtask-1.2.3.tgz",
			"integrity": "sha512-NuaNSa6flKT5JaSYQzJok04JzTL1CA6aGhv5rfLW3PgqA+M2ChpZQnAC8h8i4ZFkBS8X5RqkDBHA7r4hej3K9A==",
			"funding": [
				{
					"type": "github",
					"url": "https://github.com/sponsors/feross"
				},
				{
					"type": "patreon",
					"url": "https://www.patreon.com/feross"
				},
				{
					"type": "consulting",
					"url": "https://feross.org/support"
				}
			],
			"license": "MIT"
		},
		"node_modules/quick-format-unescaped": {
			"version": "4.0.4",
			"resolved": "https://registry.npmjs.org/quick-format-unescaped/-/quick-format-unescaped-4.0.4.tgz",
			"integrity": "sha512-tYC1Q1hgyRuHgloV/YXs2w15unPVh8qfu/qCTfhTYamaw7fyhumKa2yGpdSo87vY32rIclj+4fWYQXUMs9EHvg==",
			"license": "MIT"
		},
		"node_modules/require-from-string": {
			"version": "2.0.2",
			"resolved": "https://registry.npmjs.org/require-from-string/-/require-from-string-2.0.2.tgz",
			"integrity": "sha512-Xf0nWe6RseziFMu+Ap9biiUbmplq6S9/p+7w7YXP/JBHhrUDDUhwa+vANyubuqfZWTveU//DYVGsDG7RKL/vEw==",
			"license": "MIT",
			"engines": {
				"node": ">=0.10.0"
			}
		},
		"node_modules/ret": {
			"version": "0.2.2",
			"resolved": "https://registry.npmjs.org/ret/-/ret-0.2.2.tgz",
			"integrity": "sha512-M0b3YWQs7R3Z917WRQy1HHA7Ba7D8hvZg6UE5mLykJxQVE2ju0IXbGlaHPPlkY+WN7wFP+wUMXmBFA0aV6vYGQ==",
			"license": "MIT",
			"engines": {
				"node": ">=4"
			}
		},
		"node_modules/reusify": {
			"version": "1.0.4",
			"resolved": "https://registry.npmjs.org/reusify/-/reusify-1.0.4.tgz",
			"integrity": "sha512-U9nH88a3fc/ekCF1l0/UP1IosiuIjyTh7hBvXVMHYgVcfGvt897Xguj2UOLDeI5BG2m7/uwyaLVT6fbtCwTyzw==",
			"license": "MIT",
			"engines": {
				"iojs": ">=1.0.0",
				"node": ">=0.10.0"
			}
		},
		"node_modules/rfdc": {
			"version": "1.4.1",
			"resolved": "https://registry.npmjs.org/rfdc/-/rfdc-1.4.1.tgz",
			"integrity": "sha512-q1b3N5QkRUWUl7iyylaaj3kOpIT0N2i9MqIEQXP73GVsN9cw3fdx8X63cEmWhJGi2PPCF23Ijp7ktmd39rawIA==",
			"license": "MIT"
		},
		"node_modules/safe-regex2": {
			"version": "2.0.0",
			"resolved": "https://registry.npmjs.org/safe-regex2/-/safe-regex2-2.0.0.tgz",
			"integrity": "sha512-PaUSFsUaNNuKwkBijoAPHAK6/eM6VirvyPWlZ7BAQy4D+hCvh4B6lIG+nPdhbFfIbP+gTGBcrdsOaUs0F+ZBOQ==",
			"license": "MIT",
			"dependencies": {
				"ret": "~0.2.0"
			}
		},
		"node_modules/safer-buffer": {
			"version": "2.1.2",
			"resolved": "https://registry.npmjs.org/safer-buffer/-/safer-buffer-2.1.2.tgz",
			"integrity": "sha512-YZo3K82SD7Riyi0E1EQPojLz7kpepnSQI9IyPbHHg1XXXevb5dJI7tpyN2ADxGcQbHG7vcyRHk0cbwqcQriUtg==",
			"license": "MIT"
		},
		"node_modules/secure-json-parse": {
			"version": "2.7.0",
			"resolved": "https://registry.npmjs.org/secure-json-parse/-/secure-json-parse-2.7.0.tgz",
			"integrity": "sha512-6aU+Rwsezw7VR8/nyvKTx8QpWH9FrcYiXXlqC4z5d5XQBDRqtbfsRjnwGyqbi3gddNtWHuEk9OANUotL26qKUw==",
			"license": "BSD-3-Clause"
		},
		"node_modules/semver": {
			"version": "7.6.3",
			"resolved": "https://registry.npmjs.org/semver/-/semver-7.6.3.tgz",
			"integrity": "sha512-oVekP1cKtI+CTDvHWYFUcMtsK/00wmAEfyqKfNdARm8u1wNVhSgaX7A8d4UuIlUI5e84iEwOhs7ZPYRmzU9U6A==",
			"license": "ISC",
			"bin": {
				"semver": "bin/semver.js"
			},
			"engines": {
				"node": ">=10"
			}
		},
		"node_modules/semver-store": {
			"version": "0.3.0",
			"resolved": "https://registry.npmjs.org/semver-store/-/semver-store-0.3.0.tgz",
			"integrity": "sha512-TcZvGMMy9vodEFSse30lWinkj+JgOBvPn8wRItpQRSayhc+4ssDs335uklkfvQQJgL/WvmHLVj4Ycv2s7QCQMg==",
			"license": "MIT"
		},
		"node_modules/seq-queue": {
			"version": "0.0.5",
			"resolved": "https://registry.npmjs.org/seq-queue/-/seq-queue-0.0.5.tgz",
			"integrity": "sha512-hr3Wtp/GZIc/6DAGPDcV4/9WoZhjrkXsi5B/07QgX8tsdc6ilr7BFM6PM6rbdAX1kFSDYeZGLipIZZKyQP0O5Q=="
		},
		"node_modules/set-cookie-parser": {
			"version": "2.7.1",
			"resolved": "https://registry.npmjs.org/set-cookie-parser/-/set-cookie-parser-2.7.1.tgz",
			"integrity": "sha512-IOc8uWeOZgnb3ptbCURJWNjWUPcO3ZnTTdzsurqERrP6nPyv+paC55vJM0LpOlT2ne+Ix+9+CRG1MNLlyZ4GjQ==",
			"license": "MIT"
		},
		"node_modules/sonic-boom": {
			"version": "1.4.1",
			"resolved": "https://registry.npmjs.org/sonic-boom/-/sonic-boom-1.4.1.tgz",
			"integrity": "sha512-LRHh/A8tpW7ru89lrlkU4AszXt1dbwSjVWguGrmlxE7tawVmDBlI1PILMkXAxJTwqhgsEeTHzj36D5CmHgQmNg==",
			"license": "MIT",
			"dependencies": {
				"atomic-sleep": "^1.0.0",
				"flatstr": "^1.0.12"
			}
		},
		"node_modules/sqlstring": {
			"version": "2.3.3",
			"resolved": "https://registry.npmjs.org/sqlstring/-/sqlstring-2.3.3.tgz",
			"integrity": "sha512-qC9iz2FlN7DQl3+wjwn3802RTyjCx7sDvfQEXchwa6CWOx07/WVfh91gBmQ9fahw8snwGEWU3xGzOt4tFyHLxg==",
			"license": "MIT",
			"engines": {
				"node": ">= 0.6"
			}
		},
		"node_modules/string-similarity": {
			"version": "4.0.4",
			"resolved": "https://registry.npmjs.org/string-similarity/-/string-similarity-4.0.4.tgz",
			"integrity": "sha512-/q/8Q4Bl4ZKAPjj8WerIBJWALKkaPRfrvhfF8k/B23i4nzrlRj2/go1m90In7nG/3XDSbOo0+pu6RvCTM9RGMQ==",
			"deprecated": "Package no longer supported. Contact Support at https://www.npmjs.com/support for more info.",
			"license": "ISC"
		},
		"node_modules/tiny-lru": {
			"version": "8.0.2",
			"resolved": "https://registry.npmjs.org/tiny-lru/-/tiny-lru-8.0.2.tgz",
			"integrity": "sha512-ApGvZ6vVvTNdsmt676grvCkUCGwzG9IqXma5Z07xJgiC5L7akUMof5U8G2JTI9Rz/ovtVhJBlY6mNhEvtjzOIg==",
			"license": "BSD-3-Clause",
			"engines": {
				"node": ">=6"
			}
		},
		"node_modules/typescript": {
			"version": "5.6.3",
			"resolved": "https://registry.npmjs.org/typescript/-/typescript-5.6.3.tgz",
			"integrity": "sha512-hjcS1mhfuyi4WW8IWtjP7brDrG2cuDZukyrYrSauoXGNgx0S7zceP07adYkJycEr56BOUTNPzbInooiN3fn1qw==",
			"dev": true,
			"license": "Apache-2.0",
			"bin": {
				"tsc": "bin/tsc",
				"tsserver": "bin/tsserver"
			},
			"engines": {
				"node": ">=14.17"
			}
		},
		"node_modules/undici-types": {
			"version": "6.19.8",
			"resolved": "https://registry.npmjs.org/undici-types/-/undici-types-6.19.8.tgz",
			"integrity": "sha512-ve2KP6f/JnbPBFyobGHuerC9g1FYGn/F8n1LWTwNxCEzd6IfqTwUQcNXgEtmmQ6DlRrC1hrSrBnCZPokRrDHjw==",
			"dev": true,
			"license": "MIT"
		},
		"node_modules/uri-js": {
			"version": "4.4.1",
			"resolved": "https://registry.npmjs.org/uri-js/-/uri-js-4.4.1.tgz",
			"integrity": "sha512-7rKUyy33Q1yc98pQ1DAmLtwX109F7TIfWlW1Ydo8Wl1ii1SeHieeh0HHfPeL2fMXK6z0s8ecKs9frCuLJvndBg==",
			"license": "BSD-2-Clause",
			"dependencies": {
				"punycode": "^2.1.0"
			}
		},
		"node_modules/vary": {
			"version": "1.1.2",
			"resolved": "https://registry.npmjs.org/vary/-/vary-1.1.2.tgz",
			"integrity": "sha512-BNGbWLfd0eUPabhkXUVm0j8uuvREyTh5ovRa/dyow/BqAbZJyC+5fU+IzQOzmAKzYqYRAISoRhdQr3eIZ/PXqg==",
			"license": "MIT",
			"engines": {
				"node": ">= 0.8"
			}
		}
	}
}
